
Microsoft Visual Studio Solution File, Format Version 12.00
# Visual Studio Version 17
VisualStudioVersion = 17.9.34728.123
MinimumVisualStudioVersion = 10.0.40219.1
Project("{FAE04EC0-301F-11D3-BF4B-00C04F79EFBC}") = "CustomItems", "CustomItems\CustomItems.csproj", "{3CE5C31F-B926-4D15-9499-7D1138AC7524}"
EndProject
Global
	GlobalSection(SolutionConfigurationPlatforms) = preSolution
		Debug|Any CPU = Debug|Any CPU
		Release|Any CPU = Release|Any CPU
	EndGlobalSection
	GlobalSection(ProjectConfigurationPlatforms) = postSolution
		{3CE5C31F-B926-4D15-9499-7D1138AC7524}.Debug|Any CPU.ActiveCfg = Debug|Any CPU
		{3CE5C31F-B926-4D15-9499-7D1138AC7524}.Debug|Any CPU.Build.0 = Debug|Any CPU
		{3CE5C31F-B926-4D15-9499-7D1138AC7524}.Release|Any CPU.ActiveCfg = Release|Any CPU
		{3CE5C31F-B926-4D15-9499-7D1138AC7524}.Release|Any CPU.Build.0 = Release|Any CPU
	EndGlobalSection
	GlobalSection(SolutionProperties) = preSolution
		HideSolutionNode = FALSE
	EndGlobalSection
	GlobalSection(ExtensibilityGlobals) = postSolution
		SolutionGuid = {0C7BDCDE-FD6A-48FF-BCE1-A07495719DD8}
	EndGlobalSection
EndGlobal
